{
  "name": "@gamariverib/hangman-game-app",
  "version": "0.1.0",
  "lockfileVersion": 1,
  "requires": true,
  "dependencies": {
    "@gamariverib/hangman-game-lib": {
      "version": "0.1.0",
      "resolved": "https://registry.npmjs.org/@gamariverib/hangman-game-lib/-/hangman-game-lib-0.1.0.tgz",
      "integrity": "sha512-sETFnDgUZ3yNm9IW+FMsEVBzeM3CRVrUbUppPDqeP3mEvemmxdb8iGh82vN0Thz5scndoAa6ml7MXda3gNgyLw=="
    },
    "colors": {
      "version": "1.4.0",
      "resolved": "https://registry.npmjs.org/colors/-/colors-1.4.0.tgz",
      "integrity": "sha512-a+UqTh4kgZg/SlGvfbzDHpgRu7AAQOmmqRHJnxhRZICKFUT91brVhNNt58CMWU9PsBbv3PDCZUHbVxuDiH2mtA=="
    }
  }
}
