{
  "name": "@gamariverib/hangman-game-app",
  "version": "0.1.0",
  "lockfileVersion": 3,
  "requires": true,
  "packages": {
    "": {
      "name": "@gamariverib/hangman-game-app",
      "version": "0.1.0",
      "license": "Apache-2.0",
      "dependencies": {
        "@gamariverib/hangman-game-lib": "^0.1.2",
        "colors": "^1.4.0"
      },
      "bin": {
        "hangman": "index.js"
      }
    },
    "node_modules/@gamariverib/hangman-game-lib": {
      "version": "0.1.2",
      "resolved": "https://registry.npmjs.org/@gamariverib/hangman-game-lib/-/hangman-game-lib-0.1.2.tgz",
      "integrity": "sha512-k0wtGvNtcrIs/vnbYms1Wt/tmSJDhkehCaLV4wvWRF4xGBFnoPd8EE2GXAXgoljOLynbcdKlg91F6SpiYWmS7A==",
      "engines": {
        "node": ">=10.0.0",
        "npm": ">=6.14.0"
      }
    },
    "node_modules/colors": {
      "version": "1.4.0",
      "resolved": "https://registry.npmjs.org/colors/-/colors-1.4.0.tgz",
      "integrity": "sha512-a+UqTh4kgZg/SlGvfbzDHpgRu7AAQOmmqRHJnxhRZICKFUT91brVhNNt58CMWU9PsBbv3PDCZUHbVxuDiH2mtA==",
      "engines": {
        "node": ">=0.1.90"
      }
    }
  }
}
